
Microsoft Visual Studio Solution File, Format Version 12.00
# Visual Studio Version 17
VisualStudioVersion = 17.5.33502.453
MinimumVisualStudioVersion = 10.0.40219.1
Project("{2150E333-8FDC-42A3-9474-1A3956D46DE8}") = "TadbirKish", "TadbirKish", "{790FD32F-35AB-496F-A67B-5148C96E456C}"
EndProject
Project("{2150E333-8FDC-42A3-9474-1A3956D46DE8}") = "Api", "Api", "{60ACD798-D2C3-4964-A0EE-81AF7E11F97F}"
EndProject
Project("{2150E333-8FDC-42A3-9474-1A3956D46DE8}") = "Application", "Application", "{110B9600-29C9-4B9A-89EF-C6B8A24A7A19}"
EndProject
Project("{2150E333-8FDC-42A3-9474-1A3956D46DE8}") = "Domain", "Domain", "{4300E327-E9EA-4FD6-9DCB-88BDD7845130}"
EndProject
Project("{2150E333-8FDC-42A3-9474-1A3956D46DE8}") = "Persistence", "Persistence", "{C0BC1098-4D66-4D1D-952A-FE36B229C927}"
EndProject
Project("{2150E333-8FDC-42A3-9474-1A3956D46DE8}") = "Core", "Core", "{18292897-8DC5-456F-9DD2-97B2AA187FB0}"
EndProject
Project("{9A19103F-16F7-4668-BE54-9A1E7A4F7556}") = "TadbirKish.Api", "TadbirKish\TadbirKish.Api.csproj", "{825A39A2-14AE-4A88-B224-1EAC60FCFA9C}"
EndProject
Project("{9A19103F-16F7-4668-BE54-9A1E7A4F7556}") = "TadbirKish.Application", "TadbirKish.Application\TadbirKish.Application.csproj", "{66FA56C1-648A-4396-876A-58FE3CBC71E8}"
EndProject
Project("{9A19103F-16F7-4668-BE54-9A1E7A4F7556}") = "TadbirKish.Core", "TadbirKish.Core\TadbirKish.Core.csproj", "{D63B50B2-DC61-4728-80C9-E13B87348531}"
EndProject
Project("{9A19103F-16F7-4668-BE54-9A1E7A4F7556}") = "TadbirKish.Domain", "TadbirKish.Domain\TadbirKish.Domain.csproj", "{739F6615-EE39-42C7-BA8F-77CE546DB0FB}"
EndProject
Project("{9A19103F-16F7-4668-BE54-9A1E7A4F7556}") = "TadbirKish.Persistence", "TadbirKish.Persistence\TadbirKish.Persistence.csproj", "{0909F656-405F-4253-93CC-0E96B99FCE71}"
EndProject
Project("{2150E333-8FDC-42A3-9474-1A3956D46DE8}") = "Presentation", "Presentation", "{FDFF1F60-2C29-4351-AE9F-1EF069713419}"
EndProject
Project("{FAE04EC0-301F-11D3-BF4B-00C04F79EFBC}") = "TadbirKish.Presentation", "TadbirKish.Presentation\TadbirKish.Presentation.csproj", "{0EDFCCFC-C0BF-4F3A-9BAA-A1B92AEB724C}"
EndProject
Global
	GlobalSection(SolutionConfigurationPlatforms) = preSolution
		Debug|Any CPU = Debug|Any CPU
		Release|Any CPU = Release|Any CPU
	EndGlobalSection
	GlobalSection(ProjectConfigurationPlatforms) = postSolution
		{825A39A2-14AE-4A88-B224-1EAC60FCFA9C}.Debug|Any CPU.ActiveCfg = Debug|Any CPU
		{825A39A2-14AE-4A88-B224-1EAC60FCFA9C}.Debug|Any CPU.Build.0 = Debug|Any CPU
		{825A39A2-14AE-4A88-B224-1EAC60FCFA9C}.Release|Any CPU.ActiveCfg = Release|Any CPU
		{825A39A2-14AE-4A88-B224-1EAC60FCFA9C}.Release|Any CPU.Build.0 = Release|Any CPU
		{66FA56C1-648A-4396-876A-58FE3CBC71E8}.Debug|Any CPU.ActiveCfg = Debug|Any CPU
		{66FA56C1-648A-4396-876A-58FE3CBC71E8}.Debug|Any CPU.Build.0 = Debug|Any CPU
		{66FA56C1-648A-4396-876A-58FE3CBC71E8}.Release|Any CPU.ActiveCfg = Release|Any CPU
		{66FA56C1-648A-4396-876A-58FE3CBC71E8}.Release|Any CPU.Build.0 = Release|Any CPU
		{D63B50B2-DC61-4728-80C9-E13B87348531}.Debug|Any CPU.ActiveCfg = Debug|Any CPU
		{D63B50B2-DC61-4728-80C9-E13B87348531}.Debug|Any CPU.Build.0 = Debug|Any CPU
		{D63B50B2-DC61-4728-80C9-E13B87348531}.Release|Any CPU.ActiveCfg = Release|Any CPU
		{D63B50B2-DC61-4728-80C9-E13B87348531}.Release|Any CPU.Build.0 = Release|Any CPU
		{739F6615-EE39-42C7-BA8F-77CE546DB0FB}.Debug|Any CPU.ActiveCfg = Debug|Any CPU
		{739F6615-EE39-42C7-BA8F-77CE546DB0FB}.Debug|Any CPU.Build.0 = Debug|Any CPU
		{739F6615-EE39-42C7-BA8F-77CE546DB0FB}.Release|Any CPU.ActiveCfg = Release|Any CPU
		{739F6615-EE39-42C7-BA8F-77CE546DB0FB}.Release|Any CPU.Build.0 = Release|Any CPU
		{0909F656-405F-4253-93CC-0E96B99FCE71}.Debug|Any CPU.ActiveCfg = Debug|Any CPU
		{0909F656-405F-4253-93CC-0E96B99FCE71}.Debug|Any CPU.Build.0 = Debug|Any CPU
		{0909F656-405F-4253-93CC-0E96B99FCE71}.Release|Any CPU.ActiveCfg = Release|Any CPU
		{0909F656-405F-4253-93CC-0E96B99FCE71}.Release|Any CPU.Build.0 = Release|Any CPU
		{0EDFCCFC-C0BF-4F3A-9BAA-A1B92AEB724C}.Debug|Any CPU.ActiveCfg = Debug|Any CPU
		{0EDFCCFC-C0BF-4F3A-9BAA-A1B92AEB724C}.Debug|Any CPU.Build.0 = Debug|Any CPU
		{0EDFCCFC-C0BF-4F3A-9BAA-A1B92AEB724C}.Release|Any CPU.ActiveCfg = Release|Any CPU
		{0EDFCCFC-C0BF-4F3A-9BAA-A1B92AEB724C}.Release|Any CPU.Build.0 = Release|Any CPU
	EndGlobalSection
	GlobalSection(SolutionProperties) = preSolution
		HideSolutionNode = FALSE
	EndGlobalSection
	GlobalSection(NestedProjects) = preSolution
		{60ACD798-D2C3-4964-A0EE-81AF7E11F97F} = {790FD32F-35AB-496F-A67B-5148C96E456C}
		{110B9600-29C9-4B9A-89EF-C6B8A24A7A19} = {790FD32F-35AB-496F-A67B-5148C96E456C}
		{4300E327-E9EA-4FD6-9DCB-88BDD7845130} = {790FD32F-35AB-496F-A67B-5148C96E456C}
		{C0BC1098-4D66-4D1D-952A-FE36B229C927} = {790FD32F-35AB-496F-A67B-5148C96E456C}
		{18292897-8DC5-456F-9DD2-97B2AA187FB0} = {790FD32F-35AB-496F-A67B-5148C96E456C}
		{825A39A2-14AE-4A88-B224-1EAC60FCFA9C} = {60ACD798-D2C3-4964-A0EE-81AF7E11F97F}
		{66FA56C1-648A-4396-876A-58FE3CBC71E8} = {110B9600-29C9-4B9A-89EF-C6B8A24A7A19}
		{D63B50B2-DC61-4728-80C9-E13B87348531} = {18292897-8DC5-456F-9DD2-97B2AA187FB0}
		{739F6615-EE39-42C7-BA8F-77CE546DB0FB} = {4300E327-E9EA-4FD6-9DCB-88BDD7845130}
		{0909F656-405F-4253-93CC-0E96B99FCE71} = {C0BC1098-4D66-4D1D-952A-FE36B229C927}
		{FDFF1F60-2C29-4351-AE9F-1EF069713419} = {790FD32F-35AB-496F-A67B-5148C96E456C}
		{0EDFCCFC-C0BF-4F3A-9BAA-A1B92AEB724C} = {FDFF1F60-2C29-4351-AE9F-1EF069713419}
	EndGlobalSection
	GlobalSection(ExtensibilityGlobals) = postSolution
		SolutionGuid = {E8B2A965-1FD4-4196-9B3C-05085FE98FAF}
	EndGlobalSection
EndGlobal
